
Microsoft Visual Studio Solution File, Format Version 12.00
# Visual Studio Version 16
VisualStudioVersion = 16.6.30114.105
MinimumVisualStudioVersion = 10.0.40219.1
Project("{2150E333-8FDC-42A3-9474-1A3956D46DE8}") = "src", "src", "{CEB41A1D-E79D-4947-BA74-4F22C6913DC7}"
EndProject
Project("{FAE04EC0-301F-11D3-BF4B-00C04F79EFBC}") = "EventManager.Api", "src\EventManager.Api\EventManager.Api.csproj", "{701FCC73-ECB5-44C5-9B7E-B5CD922B0DF5}"
EndProject
Project("{2150E333-8FDC-42A3-9474-1A3956D46DE8}") = "EventManager.Core", "EventManager.Core", "{18AC6905-0BAC-48A9-904E-A7C3F92E8ECE}"
EndProject
Project("{FAE04EC0-301F-11D3-BF4B-00C04F79EFBC}") = "SharedKernel", "src\EventManager.Core\SharedKernel\SharedKernel.csproj", "{20F64D0B-F1E2-4593-8DA5-9A41CE17F7B2}"
EndProject
Project("{2150E333-8FDC-42A3-9474-1A3956D46DE8}") = "EventManager.Organizer", "EventManager.Organizer", "{52D744F6-4898-4395-ACC3-D992D6B070EB}"
EndProject
Project("{FAE04EC0-301F-11D3-BF4B-00C04F79EFBC}") = "Application", "src\EventManager.Organizer\Application\Application.csproj", "{68286493-C641-4D9B-AA68-986F219D96EF}"
EndProject
Project("{FAE04EC0-301F-11D3-BF4B-00C04F79EFBC}") = "Infrastructure", "src\EventManager.Organizer\Infrastructure\Infrastructure.csproj", "{FA5FB743-46FD-4A04-8337-C4B375710E68}"
EndProject
Project("{FAE04EC0-301F-11D3-BF4B-00C04F79EFBC}") = "Domain", "src\EventManager.Organizer\Domain\Domain.csproj", "{3E217A17-305D-439D-AAEB-986E435D3A2B}"
EndProject
Global
	GlobalSection(SolutionConfigurationPlatforms) = preSolution
		Debug|Any CPU = Debug|Any CPU
		Debug|x64 = Debug|x64
		Debug|x86 = Debug|x86
		Release|Any CPU = Release|Any CPU
		Release|x64 = Release|x64
		Release|x86 = Release|x86
	EndGlobalSection
	GlobalSection(SolutionProperties) = preSolution
		HideSolutionNode = FALSE
	EndGlobalSection
	GlobalSection(ProjectConfigurationPlatforms) = postSolution
		{701FCC73-ECB5-44C5-9B7E-B5CD922B0DF5}.Debug|Any CPU.ActiveCfg = Debug|Any CPU
		{701FCC73-ECB5-44C5-9B7E-B5CD922B0DF5}.Debug|Any CPU.Build.0 = Debug|Any CPU
		{701FCC73-ECB5-44C5-9B7E-B5CD922B0DF5}.Debug|x64.ActiveCfg = Debug|Any CPU
		{701FCC73-ECB5-44C5-9B7E-B5CD922B0DF5}.Debug|x64.Build.0 = Debug|Any CPU
		{701FCC73-ECB5-44C5-9B7E-B5CD922B0DF5}.Debug|x86.ActiveCfg = Debug|Any CPU
		{701FCC73-ECB5-44C5-9B7E-B5CD922B0DF5}.Debug|x86.Build.0 = Debug|Any CPU
		{701FCC73-ECB5-44C5-9B7E-B5CD922B0DF5}.Release|Any CPU.ActiveCfg = Release|Any CPU
		{701FCC73-ECB5-44C5-9B7E-B5CD922B0DF5}.Release|Any CPU.Build.0 = Release|Any CPU
		{701FCC73-ECB5-44C5-9B7E-B5CD922B0DF5}.Release|x64.ActiveCfg = Release|Any CPU
		{701FCC73-ECB5-44C5-9B7E-B5CD922B0DF5}.Release|x64.Build.0 = Release|Any CPU
		{701FCC73-ECB5-44C5-9B7E-B5CD922B0DF5}.Release|x86.ActiveCfg = Release|Any CPU
		{701FCC73-ECB5-44C5-9B7E-B5CD922B0DF5}.Release|x86.Build.0 = Release|Any CPU
		{20F64D0B-F1E2-4593-8DA5-9A41CE17F7B2}.Debug|Any CPU.ActiveCfg = Debug|Any CPU
		{20F64D0B-F1E2-4593-8DA5-9A41CE17F7B2}.Debug|Any CPU.Build.0 = Debug|Any CPU
		{20F64D0B-F1E2-4593-8DA5-9A41CE17F7B2}.Debug|x64.ActiveCfg = Debug|Any CPU
		{20F64D0B-F1E2-4593-8DA5-9A41CE17F7B2}.Debug|x64.Build.0 = Debug|Any CPU
		{20F64D0B-F1E2-4593-8DA5-9A41CE17F7B2}.Debug|x86.ActiveCfg = Debug|Any CPU
		{20F64D0B-F1E2-4593-8DA5-9A41CE17F7B2}.Debug|x86.Build.0 = Debug|Any CPU
		{20F64D0B-F1E2-4593-8DA5-9A41CE17F7B2}.Release|Any CPU.ActiveCfg = Release|Any CPU
		{20F64D0B-F1E2-4593-8DA5-9A41CE17F7B2}.Release|Any CPU.Build.0 = Release|Any CPU
		{20F64D0B-F1E2-4593-8DA5-9A41CE17F7B2}.Release|x64.ActiveCfg = Release|Any CPU
		{20F64D0B-F1E2-4593-8DA5-9A41CE17F7B2}.Release|x64.Build.0 = Release|Any CPU
		{20F64D0B-F1E2-4593-8DA5-9A41CE17F7B2}.Release|x86.ActiveCfg = Release|Any CPU
		{20F64D0B-F1E2-4593-8DA5-9A41CE17F7B2}.Release|x86.Build.0 = Release|Any CPU
		{68286493-C641-4D9B-AA68-986F219D96EF}.Debug|Any CPU.ActiveCfg = Debug|Any CPU
		{68286493-C641-4D9B-AA68-986F219D96EF}.Debug|Any CPU.Build.0 = Debug|Any CPU
		{68286493-C641-4D9B-AA68-986F219D96EF}.Debug|x64.ActiveCfg = Debug|Any CPU
		{68286493-C641-4D9B-AA68-986F219D96EF}.Debug|x64.Build.0 = Debug|Any CPU
		{68286493-C641-4D9B-AA68-986F219D96EF}.Debug|x86.ActiveCfg = Debug|Any CPU
		{68286493-C641-4D9B-AA68-986F219D96EF}.Debug|x86.Build.0 = Debug|Any CPU
		{68286493-C641-4D9B-AA68-986F219D96EF}.Release|Any CPU.ActiveCfg = Release|Any CPU
		{68286493-C641-4D9B-AA68-986F219D96EF}.Release|Any CPU.Build.0 = Release|Any CPU
		{68286493-C641-4D9B-AA68-986F219D96EF}.Release|x64.ActiveCfg = Release|Any CPU
		{68286493-C641-4D9B-AA68-986F219D96EF}.Release|x64.Build.0 = Release|Any CPU
		{68286493-C641-4D9B-AA68-986F219D96EF}.Release|x86.ActiveCfg = Release|Any CPU
		{68286493-C641-4D9B-AA68-986F219D96EF}.Release|x86.Build.0 = Release|Any CPU
		{FA5FB743-46FD-4A04-8337-C4B375710E68}.Debug|Any CPU.ActiveCfg = Debug|Any CPU
		{FA5FB743-46FD-4A04-8337-C4B375710E68}.Debug|Any CPU.Build.0 = Debug|Any CPU
		{FA5FB743-46FD-4A04-8337-C4B375710E68}.Debug|x64.ActiveCfg = Debug|Any CPU
		{FA5FB743-46FD-4A04-8337-C4B375710E68}.Debug|x64.Build.0 = Debug|Any CPU
		{FA5FB743-46FD-4A04-8337-C4B375710E68}.Debug|x86.ActiveCfg = Debug|Any CPU
		{FA5FB743-46FD-4A04-8337-C4B375710E68}.Debug|x86.Build.0 = Debug|Any CPU
		{FA5FB743-46FD-4A04-8337-C4B375710E68}.Release|Any CPU.ActiveCfg = Release|Any CPU
		{FA5FB743-46FD-4A04-8337-C4B375710E68}.Release|Any CPU.Build.0 = Release|Any CPU
		{FA5FB743-46FD-4A04-8337-C4B375710E68}.Release|x64.ActiveCfg = Release|Any CPU
		{FA5FB743-46FD-4A04-8337-C4B375710E68}.Release|x64.Build.0 = Release|Any CPU
		{FA5FB743-46FD-4A04-8337-C4B375710E68}.Release|x86.ActiveCfg = Release|Any CPU
		{FA5FB743-46FD-4A04-8337-C4B375710E68}.Release|x86.Build.0 = Release|Any CPU
		{3E217A17-305D-439D-AAEB-986E435D3A2B}.Debug|Any CPU.ActiveCfg = Debug|Any CPU
		{3E217A17-305D-439D-AAEB-986E435D3A2B}.Debug|Any CPU.Build.0 = Debug|Any CPU
		{3E217A17-305D-439D-AAEB-986E435D3A2B}.Debug|x64.ActiveCfg = Debug|Any CPU
		{3E217A17-305D-439D-AAEB-986E435D3A2B}.Debug|x64.Build.0 = Debug|Any CPU
		{3E217A17-305D-439D-AAEB-986E435D3A2B}.Debug|x86.ActiveCfg = Debug|Any CPU
		{3E217A17-305D-439D-AAEB-986E435D3A2B}.Debug|x86.Build.0 = Debug|Any CPU
		{3E217A17-305D-439D-AAEB-986E435D3A2B}.Release|Any CPU.ActiveCfg = Release|Any CPU
		{3E217A17-305D-439D-AAEB-986E435D3A2B}.Release|Any CPU.Build.0 = Release|Any CPU
		{3E217A17-305D-439D-AAEB-986E435D3A2B}.Release|x64.ActiveCfg = Release|Any CPU
		{3E217A17-305D-439D-AAEB-986E435D3A2B}.Release|x64.Build.0 = Release|Any CPU
		{3E217A17-305D-439D-AAEB-986E435D3A2B}.Release|x86.ActiveCfg = Release|Any CPU
		{3E217A17-305D-439D-AAEB-986E435D3A2B}.Release|x86.Build.0 = Release|Any CPU
	EndGlobalSection
	GlobalSection(NestedProjects) = preSolution
		{701FCC73-ECB5-44C5-9B7E-B5CD922B0DF5} = {CEB41A1D-E79D-4947-BA74-4F22C6913DC7}
		{18AC6905-0BAC-48A9-904E-A7C3F92E8ECE} = {CEB41A1D-E79D-4947-BA74-4F22C6913DC7}
		{20F64D0B-F1E2-4593-8DA5-9A41CE17F7B2} = {18AC6905-0BAC-48A9-904E-A7C3F92E8ECE}
		{52D744F6-4898-4395-ACC3-D992D6B070EB} = {CEB41A1D-E79D-4947-BA74-4F22C6913DC7}
		{68286493-C641-4D9B-AA68-986F219D96EF} = {52D744F6-4898-4395-ACC3-D992D6B070EB}
		{FA5FB743-46FD-4A04-8337-C4B375710E68} = {52D744F6-4898-4395-ACC3-D992D6B070EB}
		{3E217A17-305D-439D-AAEB-986E435D3A2B} = {52D744F6-4898-4395-ACC3-D992D6B070EB}
	EndGlobalSection
EndGlobal
