
Microsoft Visual Studio Solution File, Format Version 12.00
# Visual Studio Version 16
VisualStudioVersion = 16.6.30114.105
MinimumVisualStudioVersion = 10.0.40219.1
Project("{2150E333-8FDC-42A3-9474-1A3956D46DE8}") = "src", "src", "{63A3BCE3-9AB8-40DE-B71C-DF71A0E4A2E7}"
EndProject
Project("{FAE04EC0-301F-11D3-BF4B-00C04F79EFBC}") = "EventManager.API", "src\EventManager.API\EventManager.API.csproj", "{D551E5FE-AD22-4A1D-A40E-26A66E4CAC5D}"
EndProject
Project("{FAE04EC0-301F-11D3-BF4B-00C04F79EFBC}") = "EventManager.Core", "src\EventManager.Core\EventManager.Core.csproj", "{C63558D7-B60E-4208-9910-BC14D6E5F39B}"
EndProject
Project("{FAE04EC0-301F-11D3-BF4B-00C04F79EFBC}") = "EventManager.Infrastructure", "src\EventManager.Infrastructure\EventManager.Infrastructure.csproj", "{72CFB83F-0381-453D-BEA1-E2A9EDE0DF03}"
EndProject
Project("{2150E333-8FDC-42A3-9474-1A3956D46DE8}") = "tests", "tests", "{56856907-EC5A-4F8C-B1D4-592F395FEB44}"
EndProject
Project("{FAE04EC0-301F-11D3-BF4B-00C04F79EFBC}") = "EventManager.BDD", "tests\EventManager.BDD\EventManager.BDD.csproj", "{57CB08FE-9D05-4F09-99CC-123C3DF749E8}"
EndProject
Global
	GlobalSection(SolutionConfigurationPlatforms) = preSolution
		Debug|Any CPU = Debug|Any CPU
		Debug|x64 = Debug|x64
		Debug|x86 = Debug|x86
		Release|Any CPU = Release|Any CPU
		Release|x64 = Release|x64
		Release|x86 = Release|x86
	EndGlobalSection
	GlobalSection(SolutionProperties) = preSolution
		HideSolutionNode = FALSE
	EndGlobalSection
	GlobalSection(ProjectConfigurationPlatforms) = postSolution
		{D551E5FE-AD22-4A1D-A40E-26A66E4CAC5D}.Debug|Any CPU.ActiveCfg = Debug|Any CPU
		{D551E5FE-AD22-4A1D-A40E-26A66E4CAC5D}.Debug|Any CPU.Build.0 = Debug|Any CPU
		{D551E5FE-AD22-4A1D-A40E-26A66E4CAC5D}.Debug|x64.ActiveCfg = Debug|Any CPU
		{D551E5FE-AD22-4A1D-A40E-26A66E4CAC5D}.Debug|x64.Build.0 = Debug|Any CPU
		{D551E5FE-AD22-4A1D-A40E-26A66E4CAC5D}.Debug|x86.ActiveCfg = Debug|Any CPU
		{D551E5FE-AD22-4A1D-A40E-26A66E4CAC5D}.Debug|x86.Build.0 = Debug|Any CPU
		{D551E5FE-AD22-4A1D-A40E-26A66E4CAC5D}.Release|Any CPU.ActiveCfg = Release|Any CPU
		{D551E5FE-AD22-4A1D-A40E-26A66E4CAC5D}.Release|Any CPU.Build.0 = Release|Any CPU
		{D551E5FE-AD22-4A1D-A40E-26A66E4CAC5D}.Release|x64.ActiveCfg = Release|Any CPU
		{D551E5FE-AD22-4A1D-A40E-26A66E4CAC5D}.Release|x64.Build.0 = Release|Any CPU
		{D551E5FE-AD22-4A1D-A40E-26A66E4CAC5D}.Release|x86.ActiveCfg = Release|Any CPU
		{D551E5FE-AD22-4A1D-A40E-26A66E4CAC5D}.Release|x86.Build.0 = Release|Any CPU
		{C63558D7-B60E-4208-9910-BC14D6E5F39B}.Debug|Any CPU.ActiveCfg = Debug|Any CPU
		{C63558D7-B60E-4208-9910-BC14D6E5F39B}.Debug|Any CPU.Build.0 = Debug|Any CPU
		{C63558D7-B60E-4208-9910-BC14D6E5F39B}.Debug|x64.ActiveCfg = Debug|Any CPU
		{C63558D7-B60E-4208-9910-BC14D6E5F39B}.Debug|x64.Build.0 = Debug|Any CPU
		{C63558D7-B60E-4208-9910-BC14D6E5F39B}.Debug|x86.ActiveCfg = Debug|Any CPU
		{C63558D7-B60E-4208-9910-BC14D6E5F39B}.Debug|x86.Build.0 = Debug|Any CPU
		{C63558D7-B60E-4208-9910-BC14D6E5F39B}.Release|Any CPU.ActiveCfg = Release|Any CPU
		{C63558D7-B60E-4208-9910-BC14D6E5F39B}.Release|Any CPU.Build.0 = Release|Any CPU
		{C63558D7-B60E-4208-9910-BC14D6E5F39B}.Release|x64.ActiveCfg = Release|Any CPU
		{C63558D7-B60E-4208-9910-BC14D6E5F39B}.Release|x64.Build.0 = Release|Any CPU
		{C63558D7-B60E-4208-9910-BC14D6E5F39B}.Release|x86.ActiveCfg = Release|Any CPU
		{C63558D7-B60E-4208-9910-BC14D6E5F39B}.Release|x86.Build.0 = Release|Any CPU
		{72CFB83F-0381-453D-BEA1-E2A9EDE0DF03}.Debug|Any CPU.ActiveCfg = Debug|Any CPU
		{72CFB83F-0381-453D-BEA1-E2A9EDE0DF03}.Debug|Any CPU.Build.0 = Debug|Any CPU
		{72CFB83F-0381-453D-BEA1-E2A9EDE0DF03}.Debug|x64.ActiveCfg = Debug|Any CPU
		{72CFB83F-0381-453D-BEA1-E2A9EDE0DF03}.Debug|x64.Build.0 = Debug|Any CPU
		{72CFB83F-0381-453D-BEA1-E2A9EDE0DF03}.Debug|x86.ActiveCfg = Debug|Any CPU
		{72CFB83F-0381-453D-BEA1-E2A9EDE0DF03}.Debug|x86.Build.0 = Debug|Any CPU
		{72CFB83F-0381-453D-BEA1-E2A9EDE0DF03}.Release|Any CPU.ActiveCfg = Release|Any CPU
		{72CFB83F-0381-453D-BEA1-E2A9EDE0DF03}.Release|Any CPU.Build.0 = Release|Any CPU
		{72CFB83F-0381-453D-BEA1-E2A9EDE0DF03}.Release|x64.ActiveCfg = Release|Any CPU
		{72CFB83F-0381-453D-BEA1-E2A9EDE0DF03}.Release|x64.Build.0 = Release|Any CPU
		{72CFB83F-0381-453D-BEA1-E2A9EDE0DF03}.Release|x86.ActiveCfg = Release|Any CPU
		{72CFB83F-0381-453D-BEA1-E2A9EDE0DF03}.Release|x86.Build.0 = Release|Any CPU
		{57CB08FE-9D05-4F09-99CC-123C3DF749E8}.Debug|Any CPU.ActiveCfg = Debug|Any CPU
		{57CB08FE-9D05-4F09-99CC-123C3DF749E8}.Debug|Any CPU.Build.0 = Debug|Any CPU
		{57CB08FE-9D05-4F09-99CC-123C3DF749E8}.Debug|x64.ActiveCfg = Debug|Any CPU
		{57CB08FE-9D05-4F09-99CC-123C3DF749E8}.Debug|x64.Build.0 = Debug|Any CPU
		{57CB08FE-9D05-4F09-99CC-123C3DF749E8}.Debug|x86.ActiveCfg = Debug|Any CPU
		{57CB08FE-9D05-4F09-99CC-123C3DF749E8}.Debug|x86.Build.0 = Debug|Any CPU
		{57CB08FE-9D05-4F09-99CC-123C3DF749E8}.Release|Any CPU.ActiveCfg = Release|Any CPU
		{57CB08FE-9D05-4F09-99CC-123C3DF749E8}.Release|Any CPU.Build.0 = Release|Any CPU
		{57CB08FE-9D05-4F09-99CC-123C3DF749E8}.Release|x64.ActiveCfg = Release|Any CPU
		{57CB08FE-9D05-4F09-99CC-123C3DF749E8}.Release|x64.Build.0 = Release|Any CPU
		{57CB08FE-9D05-4F09-99CC-123C3DF749E8}.Release|x86.ActiveCfg = Release|Any CPU
		{57CB08FE-9D05-4F09-99CC-123C3DF749E8}.Release|x86.Build.0 = Release|Any CPU
	EndGlobalSection
	GlobalSection(NestedProjects) = preSolution
		{D551E5FE-AD22-4A1D-A40E-26A66E4CAC5D} = {63A3BCE3-9AB8-40DE-B71C-DF71A0E4A2E7}
		{C63558D7-B60E-4208-9910-BC14D6E5F39B} = {63A3BCE3-9AB8-40DE-B71C-DF71A0E4A2E7}
		{72CFB83F-0381-453D-BEA1-E2A9EDE0DF03} = {63A3BCE3-9AB8-40DE-B71C-DF71A0E4A2E7}
		{57CB08FE-9D05-4F09-99CC-123C3DF749E8} = {56856907-EC5A-4F8C-B1D4-592F395FEB44}
	EndGlobalSection
EndGlobal
