
Microsoft Visual Studio Solution File, Format Version 12.00
# Visual Studio Version 16
VisualStudioVersion = 16.6.30114.105
MinimumVisualStudioVersion = 10.0.40219.1
Project("{2150E333-8FDC-42A3-9474-1A3956D46DE8}") = "src", "src", "{34FDD123-0E49-4007-84D0-7CE3FB8A2629}"
EndProject
Project("{2150E333-8FDC-42A3-9474-1A3956D46DE8}") = "Core", "Core", "{46F4FF44-1C8D-4FF0-B29B-A0C1BB3F3F39}"
EndProject
Project("{FAE04EC0-301F-11D3-BF4B-00C04F79EFBC}") = "Application", "src\Core\Application\Application.csproj", "{DBF6D076-96A0-4F59-961B-FAB457A30B3E}"
EndProject
Project("{FAE04EC0-301F-11D3-BF4B-00C04F79EFBC}") = "Domain", "src\Core\Domain\Domain.csproj", "{FD3053FC-49B5-475A-BD04-7E2A59B2A110}"
EndProject
Project("{2150E333-8FDC-42A3-9474-1A3956D46DE8}") = "Infrastructure", "Infrastructure", "{8B5A553E-FD8F-4C8F-B785-A8344BA8BD78}"
EndProject
Project("{FAE04EC0-301F-11D3-BF4B-00C04F79EFBC}") = "Persistence", "src\Infrastructure\Persistence\Persistence.csproj", "{42888CBB-C051-40E4-9541-AAF959727236}"
EndProject
Project("{2150E333-8FDC-42A3-9474-1A3956D46DE8}") = "Presentation", "Presentation", "{A9C3A053-A049-4062-A7F4-BE544F6C0C3C}"
EndProject
Project("{FAE04EC0-301F-11D3-BF4B-00C04F79EFBC}") = "Web.API", "src\Presentation\Web.API\Web.API.csproj", "{B3496401-9E02-402B-91AB-4784DC4E5513}"
EndProject
Global
	GlobalSection(SolutionConfigurationPlatforms) = preSolution
		Debug|Any CPU = Debug|Any CPU
		Debug|x64 = Debug|x64
		Debug|x86 = Debug|x86
		Release|Any CPU = Release|Any CPU
		Release|x64 = Release|x64
		Release|x86 = Release|x86
	EndGlobalSection
	GlobalSection(SolutionProperties) = preSolution
		HideSolutionNode = FALSE
	EndGlobalSection
	GlobalSection(ProjectConfigurationPlatforms) = postSolution
		{DBF6D076-96A0-4F59-961B-FAB457A30B3E}.Debug|Any CPU.ActiveCfg = Debug|Any CPU
		{DBF6D076-96A0-4F59-961B-FAB457A30B3E}.Debug|Any CPU.Build.0 = Debug|Any CPU
		{DBF6D076-96A0-4F59-961B-FAB457A30B3E}.Debug|x64.ActiveCfg = Debug|Any CPU
		{DBF6D076-96A0-4F59-961B-FAB457A30B3E}.Debug|x64.Build.0 = Debug|Any CPU
		{DBF6D076-96A0-4F59-961B-FAB457A30B3E}.Debug|x86.ActiveCfg = Debug|Any CPU
		{DBF6D076-96A0-4F59-961B-FAB457A30B3E}.Debug|x86.Build.0 = Debug|Any CPU
		{DBF6D076-96A0-4F59-961B-FAB457A30B3E}.Release|Any CPU.ActiveCfg = Release|Any CPU
		{DBF6D076-96A0-4F59-961B-FAB457A30B3E}.Release|Any CPU.Build.0 = Release|Any CPU
		{DBF6D076-96A0-4F59-961B-FAB457A30B3E}.Release|x64.ActiveCfg = Release|Any CPU
		{DBF6D076-96A0-4F59-961B-FAB457A30B3E}.Release|x64.Build.0 = Release|Any CPU
		{DBF6D076-96A0-4F59-961B-FAB457A30B3E}.Release|x86.ActiveCfg = Release|Any CPU
		{DBF6D076-96A0-4F59-961B-FAB457A30B3E}.Release|x86.Build.0 = Release|Any CPU
		{FD3053FC-49B5-475A-BD04-7E2A59B2A110}.Debug|Any CPU.ActiveCfg = Debug|Any CPU
		{FD3053FC-49B5-475A-BD04-7E2A59B2A110}.Debug|Any CPU.Build.0 = Debug|Any CPU
		{FD3053FC-49B5-475A-BD04-7E2A59B2A110}.Debug|x64.ActiveCfg = Debug|Any CPU
		{FD3053FC-49B5-475A-BD04-7E2A59B2A110}.Debug|x64.Build.0 = Debug|Any CPU
		{FD3053FC-49B5-475A-BD04-7E2A59B2A110}.Debug|x86.ActiveCfg = Debug|Any CPU
		{FD3053FC-49B5-475A-BD04-7E2A59B2A110}.Debug|x86.Build.0 = Debug|Any CPU
		{FD3053FC-49B5-475A-BD04-7E2A59B2A110}.Release|Any CPU.ActiveCfg = Release|Any CPU
		{FD3053FC-49B5-475A-BD04-7E2A59B2A110}.Release|Any CPU.Build.0 = Release|Any CPU
		{FD3053FC-49B5-475A-BD04-7E2A59B2A110}.Release|x64.ActiveCfg = Release|Any CPU
		{FD3053FC-49B5-475A-BD04-7E2A59B2A110}.Release|x64.Build.0 = Release|Any CPU
		{FD3053FC-49B5-475A-BD04-7E2A59B2A110}.Release|x86.ActiveCfg = Release|Any CPU
		{FD3053FC-49B5-475A-BD04-7E2A59B2A110}.Release|x86.Build.0 = Release|Any CPU
		{42888CBB-C051-40E4-9541-AAF959727236}.Debug|Any CPU.ActiveCfg = Debug|Any CPU
		{42888CBB-C051-40E4-9541-AAF959727236}.Debug|Any CPU.Build.0 = Debug|Any CPU
		{42888CBB-C051-40E4-9541-AAF959727236}.Debug|x64.ActiveCfg = Debug|Any CPU
		{42888CBB-C051-40E4-9541-AAF959727236}.Debug|x64.Build.0 = Debug|Any CPU
		{42888CBB-C051-40E4-9541-AAF959727236}.Debug|x86.ActiveCfg = Debug|Any CPU
		{42888CBB-C051-40E4-9541-AAF959727236}.Debug|x86.Build.0 = Debug|Any CPU
		{42888CBB-C051-40E4-9541-AAF959727236}.Release|Any CPU.ActiveCfg = Release|Any CPU
		{42888CBB-C051-40E4-9541-AAF959727236}.Release|Any CPU.Build.0 = Release|Any CPU
		{42888CBB-C051-40E4-9541-AAF959727236}.Release|x64.ActiveCfg = Release|Any CPU
		{42888CBB-C051-40E4-9541-AAF959727236}.Release|x64.Build.0 = Release|Any CPU
		{42888CBB-C051-40E4-9541-AAF959727236}.Release|x86.ActiveCfg = Release|Any CPU
		{42888CBB-C051-40E4-9541-AAF959727236}.Release|x86.Build.0 = Release|Any CPU
		{B3496401-9E02-402B-91AB-4784DC4E5513}.Debug|Any CPU.ActiveCfg = Debug|Any CPU
		{B3496401-9E02-402B-91AB-4784DC4E5513}.Debug|Any CPU.Build.0 = Debug|Any CPU
		{B3496401-9E02-402B-91AB-4784DC4E5513}.Debug|x64.ActiveCfg = Debug|Any CPU
		{B3496401-9E02-402B-91AB-4784DC4E5513}.Debug|x64.Build.0 = Debug|Any CPU
		{B3496401-9E02-402B-91AB-4784DC4E5513}.Debug|x86.ActiveCfg = Debug|Any CPU
		{B3496401-9E02-402B-91AB-4784DC4E5513}.Debug|x86.Build.0 = Debug|Any CPU
		{B3496401-9E02-402B-91AB-4784DC4E5513}.Release|Any CPU.ActiveCfg = Release|Any CPU
		{B3496401-9E02-402B-91AB-4784DC4E5513}.Release|Any CPU.Build.0 = Release|Any CPU
		{B3496401-9E02-402B-91AB-4784DC4E5513}.Release|x64.ActiveCfg = Release|Any CPU
		{B3496401-9E02-402B-91AB-4784DC4E5513}.Release|x64.Build.0 = Release|Any CPU
		{B3496401-9E02-402B-91AB-4784DC4E5513}.Release|x86.ActiveCfg = Release|Any CPU
		{B3496401-9E02-402B-91AB-4784DC4E5513}.Release|x86.Build.0 = Release|Any CPU
	EndGlobalSection
	GlobalSection(NestedProjects) = preSolution
		{46F4FF44-1C8D-4FF0-B29B-A0C1BB3F3F39} = {34FDD123-0E49-4007-84D0-7CE3FB8A2629}
		{DBF6D076-96A0-4F59-961B-FAB457A30B3E} = {46F4FF44-1C8D-4FF0-B29B-A0C1BB3F3F39}
		{FD3053FC-49B5-475A-BD04-7E2A59B2A110} = {46F4FF44-1C8D-4FF0-B29B-A0C1BB3F3F39}
		{8B5A553E-FD8F-4C8F-B785-A8344BA8BD78} = {34FDD123-0E49-4007-84D0-7CE3FB8A2629}
		{42888CBB-C051-40E4-9541-AAF959727236} = {8B5A553E-FD8F-4C8F-B785-A8344BA8BD78}
		{A9C3A053-A049-4062-A7F4-BE544F6C0C3C} = {34FDD123-0E49-4007-84D0-7CE3FB8A2629}
		{B3496401-9E02-402B-91AB-4784DC4E5513} = {A9C3A053-A049-4062-A7F4-BE544F6C0C3C}
	EndGlobalSection
EndGlobal
